
Microsoft Visual Studio Solution File, Format Version 12.00
# Visual Studio 15
VisualStudioVersion = 15.0.28010.2050
MinimumVisualStudioVersion = 10.0.40219.1
Project("{FAE04EC0-301F-11D3-BF4B-00C04F79EFBC}") = "SecurityHeadersDemo", "SecurityHeadersDemo\SecurityHeadersDemo.csproj", "{3E7BE054-2881-428D-A323-A74DCFA2A720}"
EndProject
Global
	GlobalSection(SolutionConfigurationPlatforms) = preSolution
		Debug|Any CPU = Debug|Any CPU
		Release|Any CPU = Release|Any CPU
	EndGlobalSection
	GlobalSection(ProjectConfigurationPlatforms) = postSolution
		{3E7BE054-2881-428D-A323-A74DCFA2A720}.Debug|Any CPU.ActiveCfg = Debug|Any CPU
		{3E7BE054-2881-428D-A323-A74DCFA2A720}.Debug|Any CPU.Build.0 = Debug|Any CPU
		{3E7BE054-2881-428D-A323-A74DCFA2A720}.Release|Any CPU.ActiveCfg = Release|Any CPU
		{3E7BE054-2881-428D-A323-A74DCFA2A720}.Release|Any CPU.Build.0 = Release|Any CPU
	EndGlobalSection
	GlobalSection(SolutionProperties) = preSolution
		HideSolutionNode = FALSE
	EndGlobalSection
	GlobalSection(ExtensibilityGlobals) = postSolution
		SolutionGuid = {461B041B-B88D-4FE6-A6CC-50E4722C6F74}
	EndGlobalSection
EndGlobal
